
Microsoft Visual Studio Solution File, Format Version 12.00
# Visual Studio Version 17
VisualStudioVersion = 17.1.32104.313
MinimumVisualStudioVersion = 10.0.40219.1
Project("{FAE04EC0-301F-11D3-BF4B-00C04F79EFBC}") = "DemoWebMovie", "DemoWebMovie\DemoWebMovie.csproj", "{BE44DE4C-AF91-4F92-BC70-E6C903D63881}"
EndProject
Global
	GlobalSection(SolutionConfigurationPlatforms) = preSolution
		Debug|Any CPU = Debug|Any CPU
		Release|Any CPU = Release|Any CPU
	EndGlobalSection
	GlobalSection(ProjectConfigurationPlatforms) = postSolution
		{BE44DE4C-AF91-4F92-BC70-E6C903D63881}.Debug|Any CPU.ActiveCfg = Debug|Any CPU
		{BE44DE4C-AF91-4F92-BC70-E6C903D63881}.Debug|Any CPU.Build.0 = Debug|Any CPU
		{BE44DE4C-AF91-4F92-BC70-E6C903D63881}.Release|Any CPU.ActiveCfg = Release|Any CPU
		{BE44DE4C-AF91-4F92-BC70-E6C903D63881}.Release|Any CPU.Build.0 = Release|Any CPU
	EndGlobalSection
	GlobalSection(SolutionProperties) = preSolution
		HideSolutionNode = FALSE
	EndGlobalSection
	GlobalSection(ExtensibilityGlobals) = postSolution
		SolutionGuid = {0AC6ABC5-E488-4FC4-AAFD-B0562EF27B2A}
	EndGlobalSection
EndGlobal
